# The baobab-platform/shared contracts baobab-trade implements or consumes
# (EA Plan v2.0 EA-01A; schema: shared .baobab/contract-consumer-lock.schema.json).
# Foundation checks that the commit is on Shared main and that every listed
# contract exists and parses there, and reports drift in the job summary.
# Migrated from the legacy nabhold-contract-consumption-lock pinned at
# nabhold/shared@2da1a42. The pin and contract list are unchanged: moving the
# pin needs its own compatibility PR (see the drift report).
schema: baobab-contract-consumer-lock
version: "1.0"
source:
  repository: baobab-platform/shared
  commit: 2da1a429602d2f1421c498d412bb6c65a5626127
contracts:
  - contracts/control-plane/v1/canonical-mapping.schema.json
  - contracts/control-plane/v1/context-resolution.schema.json
  - contracts/control-plane/v1/domain.schema.json
  # Market registry schema is published, but no Market instance exists yet for
  # ZuriBeans UG or ZA: legal-entity/registry.yaml records ZURIBEANS with
  # markets: []. Trade MUST resolve real market_id values from Control Plane
  # (GET /v1/markets/{market_id}) once activated, not mint them locally.
  - contracts/control-plane/v1/market.schema.json
  - contracts/control-plane/v1/openapi.yaml
  - contracts/development-environment/schema.yaml
  - contracts/errors/v1/problem-details.schema.json
  - contracts/events/v1/envelope.schema.json
  - contracts/idempotency/v1/policy.yaml
  - contracts/legal-entity/registry.yaml
  - contracts/tenancy/tenancy.yaml
policy:
  updates: explicit_pull_request
  compatibility: validate_before_merge
# Repository-specific metadata, carried over from the legacy lock.
consumer:
  repository: baobab-platform/baobab-trade
  version: "0.2.0"
consumer_policy:
  fail_on_unresolved_tenant_context: true
  allow_cross_engine_database_access: false
  allow_local_redefinition_as_canonical: false
control_plane:
  repository: baobab-platform/baobab-cp
  role: "authoritative runtime provider of authenticated tenant context, market registry and product entitlement"
  context_resolution_endpoint: "POST /v1/context/resolve"
  market_endpoint: "GET /v1/markets/{market_id}"
  mapping_resolution_endpoint: "POST /v1/resolution/mappings"
